
Microsoft Visual Studio Solution File, Format Version 10.00
# Visual Studio 2008
Project("{8BC9CEB8-8B4A-11D0-8D11-00A0C91BC942}") = "derived1", "derived1\derived1.vcproj", "{28C6DA59-0546-40F9-B01C-56D351973EC1}"
EndProject
Project("{8BC9CEB8-8B4A-11D0-8D11-00A0C91BC942}") = "derived2", "derived2\derived2.vcproj", "{ACF9DAF3-8738-47F9-B78B-077463609D1E}"
EndProject
Project("{8BC9CEB8-8B4A-11D0-8D11-00A0C91BC942}") = "client_ExpLoad", "client_ExpLoad\client_ExpLoad.vcproj", "{FB668056-4570-4914-8BAD-1F0DC75234C6}"
EndProject
Project("{8BC9CEB8-8B4A-11D0-8D11-00A0C91BC942}") = "client_ImpLoad", "client_ImpLoad\client.vcproj", "{B991CD09-8AB5-4A95-80F4-F12D1BDDC914}"
EndProject
Global
	GlobalSection(SolutionConfigurationPlatforms) = preSolution
		Debug|Win32 = Debug|Win32
		Release|Win32 = Release|Win32
	EndGlobalSection
	GlobalSection(ProjectConfigurationPlatforms) = postSolution
		{28C6DA59-0546-40F9-B01C-56D351973EC1}.Debug|Win32.ActiveCfg = Debug|Win32
		{28C6DA59-0546-40F9-B01C-56D351973EC1}.Debug|Win32.Build.0 = Debug|Win32
		{28C6DA59-0546-40F9-B01C-56D351973EC1}.Release|Win32.ActiveCfg = Release|Win32
		{28C6DA59-0546-40F9-B01C-56D351973EC1}.Release|Win32.Build.0 = Release|Win32
		{ACF9DAF3-8738-47F9-B78B-077463609D1E}.Debug|Win32.ActiveCfg = Debug|Win32
		{ACF9DAF3-8738-47F9-B78B-077463609D1E}.Debug|Win32.Build.0 = Debug|Win32
		{ACF9DAF3-8738-47F9-B78B-077463609D1E}.Release|Win32.ActiveCfg = Release|Win32
		{ACF9DAF3-8738-47F9-B78B-077463609D1E}.Release|Win32.Build.0 = Release|Win32
		{FB668056-4570-4914-8BAD-1F0DC75234C6}.Debug|Win32.ActiveCfg = Debug|Win32
		{FB668056-4570-4914-8BAD-1F0DC75234C6}.Debug|Win32.Build.0 = Debug|Win32
		{FB668056-4570-4914-8BAD-1F0DC75234C6}.Release|Win32.ActiveCfg = Release|Win32
		{FB668056-4570-4914-8BAD-1F0DC75234C6}.Release|Win32.Build.0 = Release|Win32
		{B991CD09-8AB5-4A95-80F4-F12D1BDDC914}.Debug|Win32.ActiveCfg = Debug|Win32
		{B991CD09-8AB5-4A95-80F4-F12D1BDDC914}.Debug|Win32.Build.0 = Debug|Win32
		{B991CD09-8AB5-4A95-80F4-F12D1BDDC914}.Release|Win32.ActiveCfg = Release|Win32
		{B991CD09-8AB5-4A95-80F4-F12D1BDDC914}.Release|Win32.Build.0 = Release|Win32
	EndGlobalSection
	GlobalSection(SolutionProperties) = preSolution
		HideSolutionNode = FALSE
	EndGlobalSection
EndGlobal
